
Microsoft Visual Studio Solution File, Format Version 12.00
# Visual Studio 2012
Project("{8BC9CEB8-8B4A-11D0-8D11-00A0C91BC942}") = "CtoCpp_lvalue_rvalue_lec7", "CtoCpp_lvalue_rvalue_lec7\CtoCpp_lvalue_rvalue_lec7.vcxproj", "{DBEBED1F-2C09-4882-8A09-77BDC32C7568}"
EndProject
Global
	GlobalSection(SolutionConfigurationPlatforms) = preSolution
		Debug|Win32 = Debug|Win32
		Release|Win32 = Release|Win32
	EndGlobalSection
	GlobalSection(ProjectConfigurationPlatforms) = postSolution
		{DBEBED1F-2C09-4882-8A09-77BDC32C7568}.Debug|Win32.ActiveCfg = Debug|Win32
		{DBEBED1F-2C09-4882-8A09-77BDC32C7568}.Debug|Win32.Build.0 = Debug|Win32
		{DBEBED1F-2C09-4882-8A09-77BDC32C7568}.Release|Win32.ActiveCfg = Release|Win32
		{DBEBED1F-2C09-4882-8A09-77BDC32C7568}.Release|Win32.Build.0 = Release|Win32
	EndGlobalSection
	GlobalSection(SolutionProperties) = preSolution
		HideSolutionNode = FALSE
	EndGlobalSection
EndGlobal
