
Microsoft Visual Studio Solution File, Format Version 12.00
# Visual Studio 2012
Project("{8BC9CEB8-8B4A-11D0-8D11-00A0C91BC942}") = "CtoCPP_op_overloading_ex_lec_4", "CtoCPP_op_overloading_ex_lec_4\CtoCPP_op_overloading_ex_lec_4.vcxproj", "{4EF45232-FF15-4A5D-89AE-E5D36A9B7BFA}"
EndProject
Global
	GlobalSection(SolutionConfigurationPlatforms) = preSolution
		Debug|Win32 = Debug|Win32
		Release|Win32 = Release|Win32
	EndGlobalSection
	GlobalSection(ProjectConfigurationPlatforms) = postSolution
		{4EF45232-FF15-4A5D-89AE-E5D36A9B7BFA}.Debug|Win32.ActiveCfg = Debug|Win32
		{4EF45232-FF15-4A5D-89AE-E5D36A9B7BFA}.Debug|Win32.Build.0 = Debug|Win32
		{4EF45232-FF15-4A5D-89AE-E5D36A9B7BFA}.Release|Win32.ActiveCfg = Release|Win32
		{4EF45232-FF15-4A5D-89AE-E5D36A9B7BFA}.Release|Win32.Build.0 = Release|Win32
	EndGlobalSection
	GlobalSection(SolutionProperties) = preSolution
		HideSolutionNode = FALSE
	EndGlobalSection
EndGlobal
