
Microsoft Visual Studio Solution File, Format Version 12.00
# Visual Studio 2012
Project("{8BC9CEB8-8B4A-11D0-8D11-00A0C91BC942}") = "CtoCpp_exp_eval_tree_rewrite_lec7", "CtoCpp_exp_eval_tree_rewrite_lec7\CtoCpp_exp_eval_tree_rewrite_lec7.vcxproj", "{9CD14D93-38AF-4A4B-8FFE-21E55C1E04F8}"
EndProject
Global
	GlobalSection(SolutionConfigurationPlatforms) = preSolution
		Debug|Win32 = Debug|Win32
		Release|Win32 = Release|Win32
	EndGlobalSection
	GlobalSection(ProjectConfigurationPlatforms) = postSolution
		{9CD14D93-38AF-4A4B-8FFE-21E55C1E04F8}.Debug|Win32.ActiveCfg = Debug|Win32
		{9CD14D93-38AF-4A4B-8FFE-21E55C1E04F8}.Debug|Win32.Build.0 = Debug|Win32
		{9CD14D93-38AF-4A4B-8FFE-21E55C1E04F8}.Release|Win32.ActiveCfg = Release|Win32
		{9CD14D93-38AF-4A4B-8FFE-21E55C1E04F8}.Release|Win32.Build.0 = Release|Win32
	EndGlobalSection
	GlobalSection(SolutionProperties) = preSolution
		HideSolutionNode = FALSE
	EndGlobalSection
EndGlobal
