
Microsoft Visual Studio Solution File, Format Version 12.00
# Visual Studio 2012
Project("{8BC9CEB8-8B4A-11D0-8D11-00A0C91BC942}") = "CtoCpp_an_exp_eval_tree_lec7", "CtoCpp_an_exp_eval_tree_lec7\CtoCpp_an_exp_eval_tree_lec7.vcxproj", "{D6859D4E-9C9A-4010-8101-0BD95A39A986}"
EndProject
Global
	GlobalSection(SolutionConfigurationPlatforms) = preSolution
		Debug|Win32 = Debug|Win32
		Release|Win32 = Release|Win32
	EndGlobalSection
	GlobalSection(ProjectConfigurationPlatforms) = postSolution
		{D6859D4E-9C9A-4010-8101-0BD95A39A986}.Debug|Win32.ActiveCfg = Debug|Win32
		{D6859D4E-9C9A-4010-8101-0BD95A39A986}.Debug|Win32.Build.0 = Debug|Win32
		{D6859D4E-9C9A-4010-8101-0BD95A39A986}.Release|Win32.ActiveCfg = Release|Win32
		{D6859D4E-9C9A-4010-8101-0BD95A39A986}.Release|Win32.Build.0 = Release|Win32
	EndGlobalSection
	GlobalSection(SolutionProperties) = preSolution
		HideSolutionNode = FALSE
	EndGlobalSection
EndGlobal
